PODS:
  - Alamofire (4.5.0)
  - ESTabBarController-swift (2.4)
  - Kingfisher (3.10.3)
  - MJRefresh (3.1.12)
  - pop (1.0.10)
  - SVProgressHUD (2.1.2)

DEPENDENCIES:
  - Alamofire (~> 4.4)
  - ESTabBarController-swift
  - Kingfisher (~> 3.0)
  - MJRefresh
  - pop (~> 1.0)
  - SVProgressHUD

SPEC CHECKSUMS:
  Alamofire: f28cdffd29de33a7bfa022cbd63ae95a27fae140
  ESTabBarController-swift: af496895039ba10ae60bf825473c45f23fc5c8b6
  Kingfisher: a0ac82dc5bcf0388dd74b294cf2cc13730c63436
  MJRefresh: b96cdb21c4aa75a7b07654311ab2f315c497e806
  pop: 82ca6b068ce9278fd350fd9dd09482a0ce9492e6
  SVProgressHUD: c404a55d78acbeb7ebb78b76d3faf986475a6994

PODFILE CHECKSUM: 0bf1008937cee955808a9e401d74c511ba37d8b0

COCOAPODS: 1.2.1
